// !$*UTF8*$!
{
	archiveVersion = 1;
	classes = {
	};
	objectVersion = 46;
	objects = {

/* Begin PBXBuildFile section */
		5E10D7E216F4987300C98C58 /* Cocoa.framework in Frameworks */ = {isa = PBXBuildFile; fileRef = 5E10D7E116F4987300C98C58 /* Cocoa.framework */; };
		5E10D7EC16F4987300C98C58 /* InfoPlist.strings in Resources */ = {isa = PBXBuildFile; fileRef = 5E10D7EA16F4987300C98C58 /* InfoPlist.strings */; };
		5E10D7EE16F4987300C98C58 /* main.m in Sources */ = {isa = PBXBuildFile; fileRef = 5E10D7ED16F4987300C98C58 /* main.m */; };
		5E10D7F216F4987300C98C58 /* Credits.rtf in Resources */ = {isa = PBXBuildFile; fileRef = 5E10D7F016F4987300C98C58 /* Credits.rtf */; };
		5E10D7F516F4987300C98C58 /* QQAppDelegate.mm in Sources */ = {isa = PBXBuildFile; fileRef = 5E10D7F416F4987300C98C58 /* QQAppDelegate.mm */; };
		5E10D7F816F4987300C98C58 /* MainMenu.xib in Resources */ = {isa = PBXBuildFile; fileRef = 5E10D7F616F4987300C98C58 /* MainMenu.xib */; };
		5E422ACE170CBFC5009A62A7 /* QQQivWindow.m in Sources */ = {isa = PBXBuildFile; fileRef = 5E422ACD170CBFC5009A62A7 /* QQQivWindow.m */; };
		5E4DB69116F8DAED003EA782 /* QQImageLoader.mm in Sources */ = {isa = PBXBuildFile; fileRef = 5E4DB69016F8DAED003EA782 /* QQImageLoader.mm */; };
		5E7A1A0C16FE22F9006BD61B /* QQCache.mm in Sources */ = {isa = PBXBuildFile; fileRef = 5E7A1A0B16FE22F9006BD61B /* QQCache.mm */; };
		5E7A1A1516FE24C1006BD61B /* SDictionary.mm in Sources */ = {isa = PBXBuildFile; fileRef = 5E7A1A1416FE24C1006BD61B /* SDictionary.mm */; };
		5E7A1A1C16FE5149006BD61B /* SArray.mm in Sources */ = {isa = PBXBuildFile; fileRef = 5E7A1A1B16FE5149006BD61B /* SArray.mm */; };
		5E7BB62516F63C37002BA33E /* QQImageView.mm in Sources */ = {isa = PBXBuildFile; fileRef = 5E7BB62416F63C37002BA33E /* QQImageView.mm */; };
		5EB0D1E51700CC7B00C7BE2A /* CImageUtils.mm in Sources */ = {isa = PBXBuildFile; fileRef = 5EB0D1E41700CC7B00C7BE2A /* CImageUtils.mm */; };
/* End PBXBuildFile section */

/* Begin PBXFileReference section */
		5E10D7DE16F4987300C98C58 /* xqiv.app */ = {isa = PBXFileReference; explicitFileType = wrapper.application; includeInIndex = 0; path = xqiv.app; sourceTree = BUILT_PRODUCTS_DIR; };
		5E10D7E116F4987300C98C58 /* Cocoa.framework */ = {isa = PBXFileReference; lastKnownFileType = wrapper.framework; name = Cocoa.framework; path = System/Library/Frameworks/Cocoa.framework; sourceTree = SDKROOT; };
		5E10D7E416F4987300C98C58 /* AppKit.framework */ = {isa = PBXFileReference; lastKnownFileType = wrapper.framework; name = AppKit.framework; path = System/Library/Frameworks/AppKit.framework; sourceTree = SDKROOT; };
		5E10D7E516F4987300C98C58 /* CoreData.framework */ = {isa = PBXFileReference; lastKnownFileType = wrapper.framework; name = CoreData.framework; path = System/Library/Frameworks/CoreData.framework; sourceTree = SDKROOT; };
		5E10D7E616F4987300C98C58 /* Foundation.framework */ = {isa = PBXFileReference; lastKnownFileType = wrapper.framework; name = Foundation.framework; path = System/Library/Frameworks/Foundation.framework; sourceTree = SDKROOT; };
		5E10D7E916F4987300C98C58 /* xqiv-Info.plist */ = {isa = PBXFileReference; lastKnownFileType = text.plist.xml; path = "xqiv-Info.plist"; sourceTree = "<group>"; };
		5E10D7EB16F4987300C98C58 /* en */ = {isa = PBXFileReference; lastKnownFileType = text.plist.strings; name = en; path = en.lproj/InfoPlist.strings; sourceTree = "<group>"; };
		5E10D7ED16F4987300C98C58 /* main.m */ = {isa = PBXFileReference; lastKnownFileType = sourcecode.c.objc; path = main.m; sourceTree = "<group>"; };
		5E10D7EF16F4987300C98C58 /* xqiv-Prefix.pch */ = {isa = PBXFileReference; lastKnownFileType = sourcecode.c.h; path = "xqiv-Prefix.pch"; sourceTree = "<group>"; };
		5E10D7F116F4987300C98C58 /* en */ = {isa = PBXFileReference; lastKnownFileType = text.rtf; name = en; path = en.lproj/Credits.rtf; sourceTree = "<group>"; };
		5E10D7F316F4987300C98C58 /* QQAppDelegate.h */ = {isa = PBXFileReference; lastKnownFileType = sourcecode.c.h; path = QQAppDelegate.h; sourceTree = "<group>"; };
		5E10D7F416F4987300C98C58 /* QQAppDelegate.mm */ = {isa = PBXFileReference; lastKnownFileType = sourcecode.cpp.objcpp; path = QQAppDelegate.mm; sourceTree = "<group>"; };
		5E10D7F716F4987300C98C58 /* en */ = {isa = PBXFileReference; lastKnownFileType = file.xib; name = en; path = en.lproj/MainMenu.xib; sourceTree = "<group>"; };
		5E422ACC170CBFC5009A62A7 /* QQQivWindow.h */ = {isa = PBXFileReference; fileEncoding = 4; lastKnownFileType = sourcecode.c.h; path = QQQivWindow.h; sourceTree = "<group>"; };
		5E422ACD170CBFC5009A62A7 /* QQQivWindow.m */ = {isa = PBXFileReference; fileEncoding = 4; lastKnownFileType = sourcecode.c.objc; path = QQQivWindow.m; sourceTree = "<group>"; };
		5E4DB68F16F8DAED003EA782 /* QQImageLoader.h */ = {isa = PBXFileReference; fileEncoding = 4; lastKnownFileType = sourcecode.c.h; path = QQImageLoader.h; sourceTree = "<group>"; };
		5E4DB69016F8DAED003EA782 /* QQImageLoader.mm */ = {isa = PBXFileReference; fileEncoding = 4; lastKnownFileType = sourcecode.cpp.objcpp; path = QQImageLoader.mm; sourceTree = "<group>"; };
		5E7A1A0A16FE22F9006BD61B /* QQCache.h */ = {isa = PBXFileReference; fileEncoding = 4; lastKnownFileType = sourcecode.c.h; path = QQCache.h; sourceTree = "<group>"; };
		5E7A1A0B16FE22F9006BD61B /* QQCache.mm */ = {isa = PBXFileReference; fileEncoding = 4; lastKnownFileType = sourcecode.cpp.objcpp; path = QQCache.mm; sourceTree = "<group>"; };
		5E7A1A1316FE24C1006BD61B /* SDictionary.h */ = {isa = PBXFileReference; fileEncoding = 4; lastKnownFileType = sourcecode.c.h; path = SDictionary.h; sourceTree = "<group>"; };
		5E7A1A1416FE24C1006BD61B /* SDictionary.mm */ = {isa = PBXFileReference; fileEncoding = 4; lastKnownFileType = sourcecode.cpp.objcpp; path = SDictionary.mm; sourceTree = "<group>"; };
		5E7A1A1616FE4F8B006BD61B /* SUtils.h */ = {isa = PBXFileReference; lastKnownFileType = sourcecode.c.h; path = SUtils.h; sourceTree = "<group>"; };
		5E7A1A1A16FE5149006BD61B /* SArray.h */ = {isa = PBXFileReference; fileEncoding = 4; lastKnownFileType = sourcecode.c.h; path = SArray.h; sourceTree = "<group>"; };
		5E7A1A1B16FE5149006BD61B /* SArray.mm */ = {isa = PBXFileReference; fileEncoding = 4; lastKnownFileType = sourcecode.cpp.objcpp; path = SArray.mm; sourceTree = "<group>"; };
		5E7BB62316F63C37002BA33E /* QQImageView.h */ = {isa = PBXFileReference; fileEncoding = 4; lastKnownFileType = sourcecode.c.h; path = QQImageView.h; sourceTree = "<group>"; };
		5E7BB62416F63C37002BA33E /* QQImageView.mm */ = {isa = PBXFileReference; fileEncoding = 4; lastKnownFileType = sourcecode.cpp.objcpp; path = QQImageView.mm; sourceTree = "<group>"; };
		5EB0D1E31700CC7B00C7BE2A /* CImageUtils.h */ = {isa = PBXFileReference; fileEncoding = 4; lastKnownFileType = sourcecode.c.h; path = CImageUtils.h; sourceTree = "<group>"; };
		5EB0D1E41700CC7B00C7BE2A /* CImageUtils.mm */ = {isa = PBXFileReference; fileEncoding = 4; lastKnownFileType = sourcecode.cpp.objcpp; path = CImageUtils.mm; sourceTree = "<group>"; };
/* End PBXFileReference section */

/* Begin PBXFrameworksBuildPhase section */
		5E10D7DB16F4987300C98C58 /* Frameworks */ = {
			isa = PBXFrameworksBuildPhase;
			buildActionMask = 2147483647;
			files = (
				5E10D7E216F4987300C98C58 /* Cocoa.framework in Frameworks */,
			);
			runOnlyForDeploymentPostprocessing = 0;
		};
/* End PBXFrameworksBuildPhase section */

/* Begin PBXGroup section */
		5E10D7D516F4987300C98C58 = {
			isa = PBXGroup;
			children = (
				5E10D7E716F4987300C98C58 /* xqiv */,
				5E10D7E016F4987300C98C58 /* Frameworks */,
				5E10D7DF16F4987300C98C58 /* Products */,
			);
			sourceTree = "<group>";
		};
		5E10D7DF16F4987300C98C58 /* Products */ = {
			isa = PBXGroup;
			children = (
				5E10D7DE16F4987300C98C58 /* xqiv.app */,
			);
			name = Products;
			sourceTree = "<group>";
		};
		5E10D7E016F4987300C98C58 /* Frameworks */ = {
			isa = PBXGroup;
			children = (
				5E10D7E116F4987300C98C58 /* Cocoa.framework */,
				5E10D7E316F4987300C98C58 /* Other Frameworks */,
			);
			name = Frameworks;
			sourceTree = "<group>";
		};
		5E10D7E316F4987300C98C58 /* Other Frameworks */ = {
			isa = PBXGroup;
			children = (
				5E10D7E416F4987300C98C58 /* AppKit.framework */,
				5E10D7E516F4987300C98C58 /* CoreData.framework */,
				5E10D7E616F4987300C98C58 /* Foundation.framework */,
			);
			name = "Other Frameworks";
			sourceTree = "<group>";
		};
		5E10D7E716F4987300C98C58 /* xqiv */ = {
			isa = PBXGroup;
			children = (
				5E1D579216FCCF50000F165E /* utils */,
				5E4DB68F16F8DAED003EA782 /* QQImageLoader.h */,
				5E4DB69016F8DAED003EA782 /* QQImageLoader.mm */,
				5E7BB62316F63C37002BA33E /* QQImageView.h */,
				5E7BB62416F63C37002BA33E /* QQImageView.mm */,
				5E10D7F316F4987300C98C58 /* QQAppDelegate.h */,
				5E10D7F416F4987300C98C58 /* QQAppDelegate.mm */,
				5E422ACC170CBFC5009A62A7 /* QQQivWindow.h */,
				5E422ACD170CBFC5009A62A7 /* QQQivWindow.m */,
				5E10D7F616F4987300C98C58 /* MainMenu.xib */,
				5E10D7E816F4987300C98C58 /* Supporting Files */,
			);
			path = xqiv;
			sourceTree = "<group>";
		};
		5E10D7E816F4987300C98C58 /* Supporting Files */ = {
			isa = PBXGroup;
			children = (
				5E10D7E916F4987300C98C58 /* xqiv-Info.plist */,
				5E10D7EA16F4987300C98C58 /* InfoPlist.strings */,
				5E10D7ED16F4987300C98C58 /* main.m */,
				5E10D7EF16F4987300C98C58 /* xqiv-Prefix.pch */,
				5E10D7F016F4987300C98C58 /* Credits.rtf */,
			);
			name = "Supporting Files";
			sourceTree = "<group>";
		};
		5E1D579216FCCF50000F165E /* utils */ = {
			isa = PBXGroup;
			children = (
				5E7A1A0A16FE22F9006BD61B /* QQCache.h */,
				5E7A1A0B16FE22F9006BD61B /* QQCache.mm */,
				5E7A1A1316FE24C1006BD61B /* SDictionary.h */,
				5E7A1A1416FE24C1006BD61B /* SDictionary.mm */,
				5E7A1A1616FE4F8B006BD61B /* SUtils.h */,
				5E7A1A1A16FE5149006BD61B /* SArray.h */,
				5E7A1A1B16FE5149006BD61B /* SArray.mm */,
				5EB0D1E31700CC7B00C7BE2A /* CImageUtils.h */,
				5EB0D1E41700CC7B00C7BE2A /* CImageUtils.mm */,
			);
			name = utils;
			sourceTree = "<group>";
		};
/* End PBXGroup section */

/* Begin PBXNativeTarget section */
		5E10D7DD16F4987300C98C58 /* xqiv */ = {
			isa = PBXNativeTarget;
			buildConfigurationList = 5E10D7FB16F4987300C98C58 /* Build configuration list for PBXNativeTarget "xqiv" */;
			buildPhases = (
				5E10D7DA16F4987300C98C58 /* Sources */,
				5E10D7DB16F4987300C98C58 /* Frameworks */,
				5E10D7DC16F4987300C98C58 /* Resources */,
			);
			buildRules = (
			);
			dependencies = (
			);
			name = xqiv;
			productName = xqiv;
			productReference = 5E10D7DE16F4987300C98C58 /* xqiv.app */;
			productType = "com.apple.product-type.application";
		};
/* End PBXNativeTarget section */

/* Begin PBXProject section */
		5E10D7D616F4987300C98C58 /* Project object */ = {
			isa = PBXProject;
			attributes = {
				CLASSPREFIX = QQ;
				LastUpgradeCheck = 0460;
				ORGANIZATIONNAME = smrt;
			};
			buildConfigurationList = 5E10D7D916F4987300C98C58 /* Build configuration list for PBXProject "xqiv" */;
			compatibilityVersion = "Xcode 3.2";
			developmentRegion = English;
			hasScannedForEncodings = 0;
			knownRegions = (
				en,
			);
			mainGroup = 5E10D7D516F4987300C98C58;
			productRefGroup = 5E10D7DF16F4987300C98C58 /* Products */;
			projectDirPath = "";
			projectRoot = "";
			targets = (
				5E10D7DD16F4987300C98C58 /* xqiv */,
			);
		};
/* End PBXProject section */

/* Begin PBXResourcesBuildPhase section */
		5E10D7DC16F4987300C98C58 /* Resources */ = {
			isa = PBXResourcesBuildPhase;
			buildActionMask = 2147483647;
			files = (
				5E10D7EC16F4987300C98C58 /* InfoPlist.strings in Resources */,
				5E10D7F216F4987300C98C58 /* Credits.rtf in Resources */,
				5E10D7F816F4987300C98C58 /* MainMenu.xib in Resources */,
			);
			runOnlyForDeploymentPostprocessing = 0;
		};
/* End PBXResourcesBuildPhase section */

/* Begin PBXSourcesBuildPhase section */
		5E10D7DA16F4987300C98C58 /* Sources */ = {
			isa = PBXSourcesBuildPhase;
			buildActionMask = 2147483647;
			files = (
				5E10D7EE16F4987300C98C58 /* main.m in Sources */,
				5E10D7F516F4987300C98C58 /* QQAppDelegate.mm in Sources */,
				5E7BB62516F63C37002BA33E /* QQImageView.mm in Sources */,
				5E4DB69116F8DAED003EA782 /* QQImageLoader.mm in Sources */,
				5E7A1A0C16FE22F9006BD61B /* QQCache.mm in Sources */,
				5E7A1A1516FE24C1006BD61B /* SDictionary.mm in Sources */,
				5E7A1A1C16FE5149006BD61B /* SArray.mm in Sources */,
				5EB0D1E51700CC7B00C7BE2A /* CImageUtils.mm in Sources */,
				5E422ACE170CBFC5009A62A7 /* QQQivWindow.m in Sources */,
			);
			runOnlyForDeploymentPostprocessing = 0;
		};
/* End PBXSourcesBuildPhase section */

/* Begin PBXVariantGroup section */
		5E10D7EA16F4987300C98C58 /* InfoPlist.strings */ = {
			isa = PBXVariantGroup;
			children = (
				5E10D7EB16F4987300C98C58 /* en */,
			);
			name = InfoPlist.strings;
			sourceTree = "<group>";
		};
		5E10D7F016F4987300C98C58 /* Credits.rtf */ = {
			isa = PBXVariantGroup;
			children = (
				5E10D7F116F4987300C98C58 /* en */,
			);
			name = Credits.rtf;
			sourceTree = "<group>";
		};
		5E10D7F616F4987300C98C58 /* MainMenu.xib */ = {
			isa = PBXVariantGroup;
			children = (
				5E10D7F716F4987300C98C58 /* en */,
			);
			name = MainMenu.xib;
			sourceTree = "<group>";
		};
/* End PBXVariantGroup section */

/* Begin XCBuildConfiguration section */
		5E10D7F916F4987300C98C58 /* Debug */ = {
			isa = XCBuildConfiguration;
			buildSettings = {
				ALWAYS_SEARCH_USER_PATHS = NO;
				ARCHS = "$(ARCHS_STANDARD_64_BIT)";
				CLANG_CXX_LANGUAGE_STANDARD = "gnu++0x";
				CLANG_CXX_LIBRARY = "libc++";
				CLANG_WARN_CONSTANT_CONVERSION = YES;
				CLANG_WARN_EMPTY_BODY = YES;
				CLANG_WARN_ENUM_CONVERSION = YES;
				CLANG_WARN_INT_CONVERSION = YES;
				CLANG_WARN__DUPLICATE_METHOD_MATCH = YES;
				COPY_PHASE_STRIP = NO;
				GCC_C_LANGUAGE_STANDARD = gnu99;
				GCC_DYNAMIC_NO_PIC = NO;
				GCC_ENABLE_OBJC_EXCEPTIONS = YES;
				GCC_OPTIMIZATION_LEVEL = 0;
				GCC_PREPROCESSOR_DEFINITIONS = (
					"DEBUG=1",
					"$(inherited)",
				);
				GCC_SYMBOLS_PRIVATE_EXTERN = NO;
				GCC_WARN_64_TO_32_BIT_CONVERSION = YES;
				GCC_WARN_ABOUT_RETURN_TYPE = YES;
				GCC_WARN_UNINITIALIZED_AUTOS = YES;
				GCC_WARN_UNUSED_VALUE = NO;
				GCC_WARN_UNUSED_VARIABLE = NO;
				MACOSX_DEPLOYMENT_TARGET = 10.8;
				ONLY_ACTIVE_ARCH = YES;
				OTHER_LDFLAGS = "-lcrypto";
				SDKROOT = macosx;
			};
			name = Debug;
		};
		5E10D7FA16F4987300C98C58 /* Release */ = {
			isa = XCBuildConfiguration;
			buildSettings = {
				ALWAYS_SEARCH_USER_PATHS = NO;
				ARCHS = "$(ARCHS_STANDARD_64_BIT)";
				CLANG_CXX_LANGUAGE_STANDARD = "gnu++0x";
				CLANG_CXX_LIBRARY = "libc++";
				CLANG_WARN_CONSTANT_CONVERSION = YES;
				CLANG_WARN_EMPTY_BODY = YES;
				CLANG_WARN_ENUM_CONVERSION = YES;
				CLANG_WARN_INT_CONVERSION = YES;
				CLANG_WARN__DUPLICATE_METHOD_MATCH = YES;
				COPY_PHASE_STRIP = YES;
				DEBUG_INFORMATION_FORMAT = "dwarf-with-dsym";
				GCC_C_LANGUAGE_STANDARD = gnu99;
				GCC_ENABLE_OBJC_EXCEPTIONS = YES;
				GCC_WARN_64_TO_32_BIT_CONVERSION = YES;
				GCC_WARN_ABOUT_RETURN_TYPE = YES;
				GCC_WARN_UNINITIALIZED_AUTOS = YES;
				GCC_WARN_UNUSED_VALUE = NO;
				GCC_WARN_UNUSED_VARIABLE = NO;
				MACOSX_DEPLOYMENT_TARGET = 10.8;
				ONLY_ACTIVE_ARCH = YES;
				OTHER_LDFLAGS = "-lcrypto";
				SDKROOT = macosx;
			};
			name = Release;
		};
		5E10D7FC16F4987300C98C58 /* Debug */ = {
			isa = XCBuildConfiguration;
			buildSettings = {
				COMBINE_HIDPI_IMAGES = YES;
				GCC_PRECOMPILE_PREFIX_HEADER = YES;
				GCC_PREFIX_HEADER = "xqiv/xqiv-Prefix.pch";
				GCC_WARN_UNUSED_VARIABLE = NO;
				INFOPLIST_FILE = "xqiv/xqiv-Info.plist";
				PRODUCT_NAME = "$(TARGET_NAME)";
				WRAPPER_EXTENSION = app;
			};
			name = Debug;
		};
		5E10D7FD16F4987300C98C58 /* Release */ = {
			isa = XCBuildConfiguration;
			buildSettings = {
				COMBINE_HIDPI_IMAGES = YES;
				GCC_PRECOMPILE_PREFIX_HEADER = YES;
				GCC_PREFIX_HEADER = "xqiv/xqiv-Prefix.pch";
				GCC_WARN_UNUSED_VALUE = NO;
				GCC_WARN_UNUSED_VARIABLE = NO;
				INFOPLIST_FILE = "xqiv/xqiv-Info.plist";
				PRODUCT_NAME = "$(TARGET_NAME)";
				WRAPPER_EXTENSION = app;
			};
			name = Release;
		};
/* End XCBuildConfiguration section */

/* Begin XCConfigurationList section */
		5E10D7D916F4987300C98C58 /* Build configuration list for PBXProject "xqiv" */ = {
			isa = XCConfigurationList;
			buildConfigurations = (
				5E10D7F916F4987300C98C58 /* Debug */,
				5E10D7FA16F4987300C98C58 /* Release */,
			);
			defaultConfigurationIsVisible = 0;
			defaultConfigurationName = Release;
		};
		5E10D7FB16F4987300C98C58 /* Build configuration list for PBXNativeTarget "xqiv" */ = {
			isa = XCConfigurationList;
			buildConfigurations = (
				5E10D7FC16F4987300C98C58 /* Debug */,
				5E10D7FD16F4987300C98C58 /* Release */,
			);
			defaultConfigurationIsVisible = 0;
			defaultConfigurationName = Release;
		};
/* End XCConfigurationList section */
	};
	rootObject = 5E10D7D616F4987300C98C58 /* Project object */;
}
